
Microsoft Visual Studio Solution File, Format Version 12.00
# Visual Studio Version 16
VisualStudioVersion = 16.0.29721.120
MinimumVisualStudioVersion = 10.0.40219.1
Project("{9A19103F-16F7-4668-BE54-9A1E7A4F7556}") = "OpenDL", "OpenDL\OpenDL.csproj", "{9EAFCBAE-111F-42AB-B931-6697D7F65758}"
EndProject
Project("{8BC9CEB8-8B4A-11D0-8D11-00A0C91BC942}") = "OpenDLCSharp", "OpenDLCSharp\OpenDLCSharp.vcxproj", "{475AF198-4F74-4EEC-86E5-D2127E2C088E}"
EndProject
Project("{8BC9CEB8-8B4A-11D0-8D11-00A0C91BC942}") = "OpenDLCplus", "OpenDLCplus\OpenDLCplus.vcxproj", "{EBD01768-37DF-4FC0-AC0B-2DF541C10A40}"
EndProject
Project("{8BC9CEB8-8B4A-11D0-8D11-00A0C91BC942}") = "OpenDLConsoleExample", "OpenDLConsoleExample\OpenDLConsoleExample.vcxproj", "{F38997AB-F07F-486A-B2B3-0D73C3C547EE}"
EndProject
Project("{FAE04EC0-301F-11D3-BF4B-00C04F79EFBC}") = "OpenDLCSharpConsoleExample", "OpenDLCSharpConsoleExample\OpenDLCSharpConsoleExample.csproj", "{69EF4866-FAA6-489E-BE8F-3AC365CB44C7}"
EndProject
Global
	GlobalSection(SolutionConfigurationPlatforms) = preSolution
		Debug|Any CPU = Debug|Any CPU
		Debug|x64 = Debug|x64
		Debug|x86 = Debug|x86
		Release|Any CPU = Release|Any CPU
		Release|x64 = Release|x64
		Release|x86 = Release|x86
	EndGlobalSection
	GlobalSection(ProjectConfigurationPlatforms) = postSolution
		{9EAFCBAE-111F-42AB-B931-6697D7F65758}.Debug|Any CPU.ActiveCfg = Debug|x64
		{9EAFCBAE-111F-42AB-B931-6697D7F65758}.Debug|Any CPU.Build.0 = Debug|x64
		{9EAFCBAE-111F-42AB-B931-6697D7F65758}.Debug|x64.ActiveCfg = Debug|x64
		{9EAFCBAE-111F-42AB-B931-6697D7F65758}.Debug|x64.Build.0 = Debug|x64
		{9EAFCBAE-111F-42AB-B931-6697D7F65758}.Debug|x86.ActiveCfg = Debug|Any CPU
		{9EAFCBAE-111F-42AB-B931-6697D7F65758}.Debug|x86.Build.0 = Debug|Any CPU
		{9EAFCBAE-111F-42AB-B931-6697D7F65758}.Release|Any CPU.ActiveCfg = Release|Any CPU
		{9EAFCBAE-111F-42AB-B931-6697D7F65758}.Release|Any CPU.Build.0 = Release|Any CPU
		{9EAFCBAE-111F-42AB-B931-6697D7F65758}.Release|x64.ActiveCfg = Release|x64
		{9EAFCBAE-111F-42AB-B931-6697D7F65758}.Release|x64.Build.0 = Release|x64
		{9EAFCBAE-111F-42AB-B931-6697D7F65758}.Release|x86.ActiveCfg = Release|Any CPU
		{9EAFCBAE-111F-42AB-B931-6697D7F65758}.Release|x86.Build.0 = Release|Any CPU
		{475AF198-4F74-4EEC-86E5-D2127E2C088E}.Debug|Any CPU.ActiveCfg = Release|x64
		{475AF198-4F74-4EEC-86E5-D2127E2C088E}.Debug|x64.ActiveCfg = Debug|x64
		{475AF198-4F74-4EEC-86E5-D2127E2C088E}.Debug|x64.Build.0 = Debug|x64
		{475AF198-4F74-4EEC-86E5-D2127E2C088E}.Debug|x86.ActiveCfg = Debug|Win32
		{475AF198-4F74-4EEC-86E5-D2127E2C088E}.Debug|x86.Build.0 = Debug|Win32
		{475AF198-4F74-4EEC-86E5-D2127E2C088E}.Release|Any CPU.ActiveCfg = Release|Win32
		{475AF198-4F74-4EEC-86E5-D2127E2C088E}.Release|x64.ActiveCfg = Release|x64
		{475AF198-4F74-4EEC-86E5-D2127E2C088E}.Release|x64.Build.0 = Release|x64
		{475AF198-4F74-4EEC-86E5-D2127E2C088E}.Release|x86.ActiveCfg = Release|Win32
		{475AF198-4F74-4EEC-86E5-D2127E2C088E}.Release|x86.Build.0 = Release|Win32
		{EBD01768-37DF-4FC0-AC0B-2DF541C10A40}.Debug|Any CPU.ActiveCfg = Release|x64
		{EBD01768-37DF-4FC0-AC0B-2DF541C10A40}.Debug|x64.ActiveCfg = Debug|x64
		{EBD01768-37DF-4FC0-AC0B-2DF541C10A40}.Debug|x64.Build.0 = Debug|x64
		{EBD01768-37DF-4FC0-AC0B-2DF541C10A40}.Debug|x86.ActiveCfg = Debug|Win32
		{EBD01768-37DF-4FC0-AC0B-2DF541C10A40}.Debug|x86.Build.0 = Debug|Win32
		{EBD01768-37DF-4FC0-AC0B-2DF541C10A40}.Release|Any CPU.ActiveCfg = Release|Win32
		{EBD01768-37DF-4FC0-AC0B-2DF541C10A40}.Release|x64.ActiveCfg = Release|x64
		{EBD01768-37DF-4FC0-AC0B-2DF541C10A40}.Release|x64.Build.0 = Release|x64
		{EBD01768-37DF-4FC0-AC0B-2DF541C10A40}.Release|x86.ActiveCfg = Release|Win32
		{EBD01768-37DF-4FC0-AC0B-2DF541C10A40}.Release|x86.Build.0 = Release|Win32
		{F38997AB-F07F-486A-B2B3-0D73C3C547EE}.Debug|Any CPU.ActiveCfg = Release|x64
		{F38997AB-F07F-486A-B2B3-0D73C3C547EE}.Debug|x64.ActiveCfg = Debug|x64
		{F38997AB-F07F-486A-B2B3-0D73C3C547EE}.Debug|x64.Build.0 = Debug|x64
		{F38997AB-F07F-486A-B2B3-0D73C3C547EE}.Debug|x86.ActiveCfg = Debug|Win32
		{F38997AB-F07F-486A-B2B3-0D73C3C547EE}.Debug|x86.Build.0 = Debug|Win32
		{F38997AB-F07F-486A-B2B3-0D73C3C547EE}.Release|Any CPU.ActiveCfg = Release|Win32
		{F38997AB-F07F-486A-B2B3-0D73C3C547EE}.Release|x64.ActiveCfg = Release|x64
		{F38997AB-F07F-486A-B2B3-0D73C3C547EE}.Release|x64.Build.0 = Release|x64
		{F38997AB-F07F-486A-B2B3-0D73C3C547EE}.Release|x86.ActiveCfg = Release|Win32
		{F38997AB-F07F-486A-B2B3-0D73C3C547EE}.Release|x86.Build.0 = Release|Win32
		{69EF4866-FAA6-489E-BE8F-3AC365CB44C7}.Debug|Any CPU.ActiveCfg = Debug|x64
		{69EF4866-FAA6-489E-BE8F-3AC365CB44C7}.Debug|Any CPU.Build.0 = Debug|x64
		{69EF4866-FAA6-489E-BE8F-3AC365CB44C7}.Debug|x64.ActiveCfg = Debug|x64
		{69EF4866-FAA6-489E-BE8F-3AC365CB44C7}.Debug|x64.Build.0 = Debug|x64
		{69EF4866-FAA6-489E-BE8F-3AC365CB44C7}.Debug|x86.ActiveCfg = Debug|Any CPU
		{69EF4866-FAA6-489E-BE8F-3AC365CB44C7}.Debug|x86.Build.0 = Debug|Any CPU
		{69EF4866-FAA6-489E-BE8F-3AC365CB44C7}.Release|Any CPU.ActiveCfg = Release|Any CPU
		{69EF4866-FAA6-489E-BE8F-3AC365CB44C7}.Release|Any CPU.Build.0 = Release|Any CPU
		{69EF4866-FAA6-489E-BE8F-3AC365CB44C7}.Release|x64.ActiveCfg = Release|x64
		{69EF4866-FAA6-489E-BE8F-3AC365CB44C7}.Release|x64.Build.0 = Release|x64
		{69EF4866-FAA6-489E-BE8F-3AC365CB44C7}.Release|x86.ActiveCfg = Release|Any CPU
		{69EF4866-FAA6-489E-BE8F-3AC365CB44C7}.Release|x86.Build.0 = Release|Any CPU
	EndGlobalSection
	GlobalSection(SolutionProperties) = preSolution
		HideSolutionNode = FALSE
	EndGlobalSection
	GlobalSection(ExtensibilityGlobals) = postSolution
		SolutionGuid = {A02E340F-7EA3-4BAC-B57A-8848D6F63D57}
	EndGlobalSection
EndGlobal
